// !$*UTF8*$!
{
	archiveVersion = 1;
	classes = {
	};
	objectVersion = 46;
	objects = {

/* Begin PBXBuildFile section */
		41761ABA1E38D9D200401975 /* data.json in Resources */ = {isa = PBXBuildFile; fileRef = 41761AB91E38D9D200401975 /* data.json */; };
		41761ABC1E38DB6700401975 /* Question.swift in Sources */ = {isa = PBXBuildFile; fileRef = 41761ABB1E38DB6700401975 /* Question.swift */; };
		41761ABE1E38DBA600401975 /* Choice.swift in Sources */ = {isa = PBXBuildFile; fileRef = 41761ABD1E38DBA600401975 /* Choice.swift */; };
		41761AC11E38DEDE00401975 /* DataService.swift in Sources */ = {isa = PBXBuildFile; fileRef = 41761AC01E38DEDE00401975 /* DataService.swift */; };
		41761AC31E38E41300401975 /* Game.swift in Sources */ = {isa = PBXBuildFile; fileRef = 41761AC21E38E41300401975 /* Game.swift */; };
		41761AC61E39260700401975 /* ThemeButton.swift in Sources */ = {isa = PBXBuildFile; fileRef = 41761AC51E39260700401975 /* ThemeButton.swift */; };
		41761AC81E39383A00401975 /* GameController.swift in Sources */ = {isa = PBXBuildFile; fileRef = 41761AC71E39383A00401975 /* GameController.swift */; };
		41ACC3B91E37F215008F8764 /* AppDelegate.swift in Sources */ = {isa = PBXBuildFile; fileRef = 41ACC3B81E37F215008F8764 /* AppDelegate.swift */; };
		41ACC3BB1E37F215008F8764 /* LandingController.swift in Sources */ = {isa = PBXBuildFile; fileRef = 41ACC3BA1E37F215008F8764 /* LandingController.swift */; };
		41ACC3BE1E37F215008F8764 /* Main.storyboard in Resources */ = {isa = PBXBuildFile; fileRef = 41ACC3BC1E37F215008F8764 /* Main.storyboard */; };
		41ACC3C01E37F215008F8764 /* Assets.xcassets in Resources */ = {isa = PBXBuildFile; fileRef = 41ACC3BF1E37F215008F8764 /* Assets.xcassets */; };
		41ACC3C31E37F215008F8764 /* LaunchScreen.storyboard in Resources */ = {isa = PBXBuildFile; fileRef = 41ACC3C11E37F215008F8764 /* LaunchScreen.storyboard */; };
/* End PBXBuildFile section */

/* Begin PBXFileReference section */
		41761AB91E38D9D200401975 /* data.json */ = {isa = PBXFileReference; fileEncoding = 4; lastKnownFileType = text.json; path = data.json; sourceTree = "<group>"; };
		41761ABB1E38DB6700401975 /* Question.swift */ = {isa = PBXFileReference; fileEncoding = 4; lastKnownFileType = sourcecode.swift; path = Question.swift; sourceTree = "<group>"; };
		41761ABD1E38DBA600401975 /* Choice.swift */ = {isa = PBXFileReference; fileEncoding = 4; lastKnownFileType = sourcecode.swift; path = Choice.swift; sourceTree = "<group>"; };
		41761AC01E38DEDE00401975 /* DataService.swift */ = {isa = PBXFileReference; fileEncoding = 4; lastKnownFileType = sourcecode.swift; path = DataService.swift; sourceTree = "<group>"; };
		41761AC21E38E41300401975 /* Game.swift */ = {isa = PBXFileReference; fileEncoding = 4; lastKnownFileType = sourcecode.swift; path = Game.swift; sourceTree = "<group>"; };
		41761AC51E39260700401975 /* ThemeButton.swift */ = {isa = PBXFileReference; fileEncoding = 4; lastKnownFileType = sourcecode.swift; path = ThemeButton.swift; sourceTree = "<group>"; };
		41761AC71E39383A00401975 /* GameController.swift */ = {isa = PBXFileReference; fileEncoding = 4; lastKnownFileType = sourcecode.swift; path = GameController.swift; sourceTree = "<group>"; };
		41ACC3B51E37F215008F8764 /* Brain Teaser.app */ = {isa = PBXFileReference; explicitFileType = wrapper.application; includeInIndex = 0; path = "Brain Teaser.app"; sourceTree = BUILT_PRODUCTS_DIR; };
		41ACC3B81E37F215008F8764 /* AppDelegate.swift */ = {isa = PBXFileReference; lastKnownFileType = sourcecode.swift; path = AppDelegate.swift; sourceTree = "<group>"; };
		41ACC3BA1E37F215008F8764 /* LandingController.swift */ = {isa = PBXFileReference; lastKnownFileType = sourcecode.swift; path = LandingController.swift; sourceTree = "<group>"; };
		41ACC3BD1E37F215008F8764 /* Base */ = {isa = PBXFileReference; lastKnownFileType = file.storyboard; name = Base; path = Base.lproj/Main.storyboard; sourceTree = "<group>"; };
		41ACC3BF1E37F215008F8764 /* Assets.xcassets */ = {isa = PBXFileReference; lastKnownFileType = folder.assetcatalog; path = Assets.xcassets; sourceTree = "<group>"; };
		41ACC3C21E37F215008F8764 /* Base */ = {isa = PBXFileReference; lastKnownFileType = file.storyboard; name = Base; path = Base.lproj/LaunchScreen.storyboard; sourceTree = "<group>"; };
		41ACC3C41E37F215008F8764 /* Info.plist */ = {isa = PBXFileReference; lastKnownFileType = text.plist.xml; path = Info.plist; sourceTree = "<group>"; };
/* End PBXFileReference section */

/* Begin PBXFrameworksBuildPhase section */
		41ACC3B21E37F215008F8764 /* Frameworks */ = {
			isa = PBXFrameworksBuildPhase;
			buildActionMask = 2147483647;
			files = (
			);
			runOnlyForDeploymentPostprocessing = 0;
		};
/* End PBXFrameworksBuildPhase section */

/* Begin PBXGroup section */
		41761AB61E38A73E00401975 /* Root */ = {
			isa = PBXGroup;
			children = (
				41ACC3B81E37F215008F8764 /* AppDelegate.swift */,
			);
			name = Root;
			sourceTree = "<group>";
		};
		41761AB71E38A75E00401975 /* Storyboard */ = {
			isa = PBXGroup;
			children = (
				41ACC3BC1E37F215008F8764 /* Main.storyboard */,
			);
			name = Storyboard;
			sourceTree = "<group>";
		};
		41761AB81E38D9B900401975 /* Data */ = {
			isa = PBXGroup;
			children = (
				41761AB91E38D9D200401975 /* data.json */,
			);
			name = Data;
			sourceTree = "<group>";
		};
		41761ABF1E38DECA00401975 /* Service */ = {
			isa = PBXGroup;
			children = (
				41761AC01E38DEDE00401975 /* DataService.swift */,
			);
			name = Service;
			sourceTree = "<group>";
		};
		41761AC41E3925DA00401975 /* Design */ = {
			isa = PBXGroup;
			children = (
				41761AC51E39260700401975 /* ThemeButton.swift */,
			);
			name = Design;
			sourceTree = "<group>";
		};
		41ACC3AC1E37F215008F8764 = {
			isa = PBXGroup;
			children = (
				41ACC3B71E37F215008F8764 /* Brain Teaser */,
				41ACC3B61E37F215008F8764 /* Products */,
			);
			sourceTree = "<group>";
		};
		41ACC3B61E37F215008F8764 /* Products */ = {
			isa = PBXGroup;
			children = (
				41ACC3B51E37F215008F8764 /* Brain Teaser.app */,
			);
			name = Products;
			sourceTree = "<group>";
		};
		41ACC3B71E37F215008F8764 /* Brain Teaser */ = {
			isa = PBXGroup;
			children = (
				41761ABF1E38DECA00401975 /* Service */,
				41ACC3CA1E37F24B008F8764 /* Model */,
				41ACC3CB1E37F251008F8764 /* View */,
				41ACC3CC1E37F256008F8764 /* Controller */,
				41ACC3CF1E37F269008F8764 /* Theme */,
				41761AB71E38A75E00401975 /* Storyboard */,
				41ACC3CE1E37F263008F8764 /* Source */,
				41ACC3CD1E37F25C008F8764 /* Resources */,
			);
			path = "Brain Teaser";
			sourceTree = "<group>";
		};
		41ACC3CA1E37F24B008F8764 /* Model */ = {
			isa = PBXGroup;
			children = (
				41761ABB1E38DB6700401975 /* Question.swift */,
				41761ABD1E38DBA600401975 /* Choice.swift */,
				41761AC21E38E41300401975 /* Game.swift */,
			);
			name = Model;
			sourceTree = "<group>";
		};
		41ACC3CB1E37F251008F8764 /* View */ = {
			isa = PBXGroup;
			children = (
			);
			name = View;
			sourceTree = "<group>";
		};
		41ACC3CC1E37F256008F8764 /* Controller */ = {
			isa = PBXGroup;
			children = (
				41ACC3BA1E37F215008F8764 /* LandingController.swift */,
				41761AC71E39383A00401975 /* GameController.swift */,
			);
			name = Controller;
			sourceTree = "<group>";
		};
		41ACC3CD1E37F25C008F8764 /* Resources */ = {
			isa = PBXGroup;
			children = (
				41ACC3BF1E37F215008F8764 /* Assets.xcassets */,
				41ACC3C11E37F215008F8764 /* LaunchScreen.storyboard */,
				41ACC3C41E37F215008F8764 /* Info.plist */,
			);
			name = Resources;
			sourceTree = "<group>";
		};
		41ACC3CE1E37F263008F8764 /* Source */ = {
			isa = PBXGroup;
			children = (
				41761AB81E38D9B900401975 /* Data */,
				41761AB61E38A73E00401975 /* Root */,
			);
			name = Source;
			sourceTree = "<group>";
		};
		41ACC3CF1E37F269008F8764 /* Theme */ = {
			isa = PBXGroup;
			children = (
				41761AC41E3925DA00401975 /* Design */,
			);
			name = Theme;
			sourceTree = "<group>";
		};
/* End PBXGroup section */

/* Begin PBXNativeTarget section */
		41ACC3B41E37F215008F8764 /* Brain Teaser */ = {
			isa = PBXNativeTarget;
			buildConfigurationList = 41ACC3C71E37F215008F8764 /* Build configuration list for PBXNativeTarget "Brain Teaser" */;
			buildPhases = (
				41ACC3B11E37F215008F8764 /* Sources */,
				41ACC3B21E37F215008F8764 /* Frameworks */,
				41ACC3B31E37F215008F8764 /* Resources */,
			);
			buildRules = (
			);
			dependencies = (
			);
			name = "Brain Teaser";
			productName = "Brain Teaser";
			productReference = 41ACC3B51E37F215008F8764 /* Brain Teaser.app */;
			productType = "com.apple.product-type.application";
		};
/* End PBXNativeTarget section */

/* Begin PBXProject section */
		41ACC3AD1E37F215008F8764 /* Project object */ = {
			isa = PBXProject;
			attributes = {
				LastSwiftUpdateCheck = 0820;
				LastUpgradeCheck = 0820;
				ORGANIZATIONNAME = "Muhammad Moaz";
				TargetAttributes = {
					41ACC3B41E37F215008F8764 = {
						CreatedOnToolsVersion = 8.2;
						DevelopmentTeam = 69CH9UTLK7;
						ProvisioningStyle = Automatic;
					};
				};
			};
			buildConfigurationList = 41ACC3B01E37F215008F8764 /* Build configuration list for PBXProject "Brain Teaser" */;
			compatibilityVersion = "Xcode 3.2";
			developmentRegion = English;
			hasScannedForEncodings = 0;
			knownRegions = (
				en,
				Base,
			);
			mainGroup = 41ACC3AC1E37F215008F8764;
			productRefGroup = 41ACC3B61E37F215008F8764 /* Products */;
			projectDirPath = "";
			projectRoot = "";
			targets = (
				41ACC3B41E37F215008F8764 /* Brain Teaser */,
			);
		};
/* End PBXProject section */

/* Begin PBXResourcesBuildPhase section */
		41ACC3B31E37F215008F8764 /* Resources */ = {
			isa = PBXResourcesBuildPhase;
			buildActionMask = 2147483647;
			files = (
				41ACC3C31E37F215008F8764 /* LaunchScreen.storyboard in Resources */,
				41761ABA1E38D9D200401975 /* data.json in Resources */,
				41ACC3C01E37F215008F8764 /* Assets.xcassets in Resources */,
				41ACC3BE1E37F215008F8764 /* Main.storyboard in Resources */,
			);
			runOnlyForDeploymentPostprocessing = 0;
		};
/* End PBXResourcesBuildPhase section */

/* Begin PBXSourcesBuildPhase section */
		41ACC3B11E37F215008F8764 /* Sources */ = {
			isa = PBXSourcesBuildPhase;
			buildActionMask = 2147483647;
			files = (
				41761ABC1E38DB6700401975 /* Question.swift in Sources */,
				41761AC31E38E41300401975 /* Game.swift in Sources */,
				41ACC3BB1E37F215008F8764 /* LandingController.swift in Sources */,
				41761ABE1E38DBA600401975 /* Choice.swift in Sources */,
				41ACC3B91E37F215008F8764 /* AppDelegate.swift in Sources */,
				41761AC81E39383A00401975 /* GameController.swift in Sources */,
				41761AC61E39260700401975 /* ThemeButton.swift in Sources */,
				41761AC11E38DEDE00401975 /* DataService.swift in Sources */,
			);
			runOnlyForDeploymentPostprocessing = 0;
		};
/* End PBXSourcesBuildPhase section */

/* Begin PBXVariantGroup section */
		41ACC3BC1E37F215008F8764 /* Main.storyboard */ = {
			isa = PBXVariantGroup;
			children = (
				41ACC3BD1E37F215008F8764 /* Base */,
			);
			name = Main.storyboard;
			sourceTree = "<group>";
		};
		41ACC3C11E37F215008F8764 /* LaunchScreen.storyboard */ = {
			isa = PBXVariantGroup;
			children = (
				41ACC3C21E37F215008F8764 /* Base */,
			);
			name = LaunchScreen.storyboard;
			sourceTree = "<group>";
		};
/* End PBXVariantGroup section */

/* Begin XCBuildConfiguration section */
		41ACC3C51E37F215008F8764 /* Debug */ = {
			isa = XCBuildConfiguration;
			buildSettings = {
				ALWAYS_SEARCH_USER_PATHS = NO;
				CLANG_ANALYZER_NONNULL = YES;
				CLANG_CXX_LANGUAGE_STANDARD = "gnu++0x";
				CLANG_CXX_LIBRARY = "libc++";
				CLANG_ENABLE_MODULES = YES;
				CLANG_ENABLE_OBJC_ARC = YES;
				CLANG_WARN_BOOL_CONVERSION = YES;
				CLANG_WARN_CONSTANT_CONVERSION = YES;
				CLANG_WARN_DIRECT_OBJC_ISA_USAGE = YES_ERROR;
				CLANG_WARN_DOCUMENTATION_COMMENTS = YES;
				CLANG_WARN_EMPTY_BODY = YES;
				CLANG_WARN_ENUM_CONVERSION = YES;
				CLANG_WARN_INFINITE_RECURSION = YES;
				CLANG_WARN_INT_CONVERSION = YES;
				CLANG_WARN_OBJC_ROOT_CLASS = YES_ERROR;
				CLANG_WARN_SUSPICIOUS_MOVE = YES;
				CLANG_WARN_UNREACHABLE_CODE = YES;
				CLANG_WARN__DUPLICATE_METHOD_MATCH = YES;
				"CODE_SIGN_IDENTITY[sdk=iphoneos*]" = "iPhone Developer";
				COPY_PHASE_STRIP = NO;
				DEBUG_INFORMATION_FORMAT = dwarf;
				ENABLE_STRICT_OBJC_MSGSEND = YES;
				ENABLE_TESTABILITY = YES;
				GCC_C_LANGUAGE_STANDARD = gnu99;
				GCC_DYNAMIC_NO_PIC = NO;
				GCC_NO_COMMON_BLOCKS = YES;
				GCC_OPTIMIZATION_LEVEL = 0;
				GCC_PREPROCESSOR_DEFINITIONS = (
					"DEBUG=1",
					"$(inherited)",
				);
				GCC_WARN_64_TO_32_BIT_CONVERSION = YES;
				GCC_WARN_ABOUT_RETURN_TYPE = YES_ERROR;
				GCC_WARN_UNDECLARED_SELECTOR = YES;
				GCC_WARN_UNINITIALIZED_AUTOS = YES_AGGRESSIVE;
				GCC_WARN_UNUSED_FUNCTION = YES;
				GCC_WARN_UNUSED_VARIABLE = YES;
				IPHONEOS_DEPLOYMENT_TARGET = 10.2;
				MTL_ENABLE_DEBUG_INFO = YES;
				ONLY_ACTIVE_ARCH = YES;
				SDKROOT = iphoneos;
				SWIFT_ACTIVE_COMPILATION_CONDITIONS = DEBUG;
				SWIFT_OPTIMIZATION_LEVEL = "-Onone";
			};
			name = Debug;
		};
		41ACC3C61E37F215008F8764 /* Release */ = {
			isa = XCBuildConfiguration;
			buildSettings = {
				ALWAYS_SEARCH_USER_PATHS = NO;
				CLANG_ANALYZER_NONNULL = YES;
				CLANG_CXX_LANGUAGE_STANDARD = "gnu++0x";
				CLANG_CXX_LIBRARY = "libc++";
				CLANG_ENABLE_MODULES = YES;
				CLANG_ENABLE_OBJC_ARC = YES;
				CLANG_WARN_BOOL_CONVERSION = YES;
				CLANG_WARN_CONSTANT_CONVERSION = YES;
				CLANG_WARN_DIRECT_OBJC_ISA_USAGE = YES_ERROR;
				CLANG_WARN_DOCUMENTATION_COMMENTS = YES;
				CLANG_WARN_EMPTY_BODY = YES;
				CLANG_WARN_ENUM_CONVERSION = YES;
				CLANG_WARN_INFINITE_RECURSION = YES;
				CLANG_WARN_INT_CONVERSION = YES;
				CLANG_WARN_OBJC_ROOT_CLASS = YES_ERROR;
				CLANG_WARN_SUSPICIOUS_MOVE = YES;
				CLANG_WARN_UNREACHABLE_CODE = YES;
				CLANG_WARN__DUPLICATE_METHOD_MATCH = YES;
				"CODE_SIGN_IDENTITY[sdk=iphoneos*]" = "iPhone Developer";
				COPY_PHASE_STRIP = NO;
				DEBUG_INFORMATION_FORMAT = "dwarf-with-dsym";
				ENABLE_NS_ASSERTIONS = NO;
				ENABLE_STRICT_OBJC_MSGSEND = YES;
				GCC_C_LANGUAGE_STANDARD = gnu99;
				GCC_NO_COMMON_BLOCKS = YES;
				GCC_WARN_64_TO_32_BIT_CONVERSION = YES;
				GCC_WARN_ABOUT_RETURN_TYPE = YES_ERROR;
				GCC_WARN_UNDECLARED_SELECTOR = YES;
				GCC_WARN_UNINITIALIZED_AUTOS = YES_AGGRESSIVE;
				GCC_WARN_UNUSED_FUNCTION = YES;
				GCC_WARN_UNUSED_VARIABLE = YES;
				IPHONEOS_DEPLOYMENT_TARGET = 10.2;
				MTL_ENABLE_DEBUG_INFO = NO;
				SDKROOT = iphoneos;
				SWIFT_OPTIMIZATION_LEVEL = "-Owholemodule";
				VALIDATE_PRODUCT = YES;
			};
			name = Release;
		};
		41ACC3C81E37F215008F8764 /* Debug */ = {
			isa = XCBuildConfiguration;
			buildSettings = {
				ASSETCATALOG_COMPILER_APPICON_NAME = AppIcon;
				DEVELOPMENT_TEAM = 69CH9UTLK7;
				INFOPLIST_FILE = "Brain Teaser/Info.plist";
				LD_RUNPATH_SEARCH_PATHS = "$(inherited) @executable_path/Frameworks";
				PRODUCT_BUNDLE_IDENTIFIER = "Moaz.Brain-Teaser";
				PRODUCT_NAME = "$(TARGET_NAME)";
				SWIFT_VERSION = 3.0;
			};
			name = Debug;
		};
		41ACC3C91E37F215008F8764 /* Release */ = {
			isa = XCBuildConfiguration;
			buildSettings = {
				ASSETCATALOG_COMPILER_APPICON_NAME = AppIcon;
				DEVELOPMENT_TEAM = 69CH9UTLK7;
				INFOPLIST_FILE = "Brain Teaser/Info.plist";
				LD_RUNPATH_SEARCH_PATHS = "$(inherited) @executable_path/Frameworks";
				PRODUCT_BUNDLE_IDENTIFIER = "Moaz.Brain-Teaser";
				PRODUCT_NAME = "$(TARGET_NAME)";
				SWIFT_VERSION = 3.0;
			};
			name = Release;
		};
/* End XCBuildConfiguration section */

/* Begin XCConfigurationList section */
		41ACC3B01E37F215008F8764 /* Build configuration list for PBXProject "Brain Teaser" */ = {
			isa = XCConfigurationList;
			buildConfigurations = (
				41ACC3C51E37F215008F8764 /* Debug */,
				41ACC3C61E37F215008F8764 /* Release */,
			);
			defaultConfigurationIsVisible = 0;
			defaultConfigurationName = Release;
		};
		41ACC3C71E37F215008F8764 /* Build configuration list for PBXNativeTarget "Brain Teaser" */ = {
			isa = XCConfigurationList;
			buildConfigurations = (
				41ACC3C81E37F215008F8764 /* Debug */,
				41ACC3C91E37F215008F8764 /* Release */,
			);
			defaultConfigurationIsVisible = 0;
			defaultConfigurationName = Release;
		};
/* End XCConfigurationList section */
	};
	rootObject = 41ACC3AD1E37F215008F8764 /* Project object */;
}
